<?xml version="1.0" encoding="utf-8"?>
<Project ToolsVersion="4.0" xmlns="http://schemas.microsoft.com/developer/msbuild/2003">
  <ItemGroup>
    <ClInclude Include="Actor.h">
      <Filter>Object</Filter>
    </ClInclude>
    <ClInclude Include="ActorVector.h">
      <Filter>Object</Filter>
    </ClInclude>
    <ClInclude Include="ConsoleEngine.h">
      <Filter>Core</Filter>
    </ClInclude>
    <ClInclude Include="ConsoleImage.h">
      <Filter>Resources</Filter>
    </ClInclude>
    <ClInclude Include="ConsoleWindow.h">
      <Filter>Platform</Filter>
    </ClInclude>
    <ClInclude Include="Enums.h">
      <Filter>Global</Filter>
    </ClInclude>
    <ClInclude Include="Renderer.h">
      <Filter>Object\Component</Filter>
    </ClInclude>
  </ItemGroup>
  <ItemGroup>
    <ClCompile Include="Actor.cpp">
      <Filter>Object</Filter>
    </ClCompile>
    <ClCompile Include="ActorVector.cpp">
      <Filter>Object</Filter>
    </ClCompile>
    <ClCompile Include="ConsoleEngine.cpp">
      <Filter>Core</Filter>
    </ClCompile>
    <ClCompile Include="ConsoleImage.cpp">
      <Filter>Resources</Filter>
    </ClCompile>
    <ClCompile Include="ConsoleWindow.cpp">
      <Filter>Platform</Filter>
    </ClCompile>
    <ClCompile Include="Enums.cpp">
      <Filter>Global</Filter>
    </ClCompile>
    <ClCompile Include="Renderer.cpp">
      <Filter>Object\Component</Filter>
    </ClCompile>
  </ItemGroup>
  <ItemGroup>
    <Filter Include="Object">
      <UniqueIdentifier>{c4120cb7-cd5b-40ad-8fe4-5cecf67f8129}</UniqueIdentifier>
    </Filter>
    <Filter Include="Core">
      <UniqueIdentifier>{fd1b0095-f0d5-4e65-9cb2-3f7e4d1c84b3}</UniqueIdentifier>
    </Filter>
    <Filter Include="Resources">
      <UniqueIdentifier>{0ad661b3-7ad8-4541-9cea-304bac9cf0e4}</UniqueIdentifier>
    </Filter>
    <Filter Include="Platform">
      <UniqueIdentifier>{19a64199-2998-47d8-9bd7-bdac0a9c829d}</UniqueIdentifier>
    </Filter>
    <Filter Include="Global">
      <UniqueIdentifier>{9a3d3845-2c61-4608-bd49-29a39b0cbfd8}</UniqueIdentifier>
    </Filter>
    <Filter Include="Object\Component">
      <UniqueIdentifier>{2abb6a2d-2d2c-47fd-bd05-3ad8e6ba8717}</UniqueIdentifier>
    </Filter>
  </ItemGroup>
</Project>