
Microsoft Visual Studio Solution File, Format Version 12.00
# Visual Studio Version 17
VisualStudioVersion = 17.11.35222.181
MinimumVisualStudioVersion = 10.0.40219.1
Project("{8BC9CEB8-8B4A-11D0-8D11-00A0C91BC942}") = "Task", "Task\Task.vcxproj", "{09A2A437-CDB0-40E6-BD3A-596E43E1CF32}"
EndProject
Project("{8BC9CEB8-8B4A-11D0-8D11-00A0C91BC942}") = "Task01", "Task01\Task01.vcxproj", "{51AA7A27-E301-4C9F-9758-3D4D5080A134}"
EndProject
Project("{8BC9CEB8-8B4A-11D0-8D11-00A0C91BC942}") = "02_MyPrintf", "02_MyPrintf\02_MyPrintf.vcxproj", "{0073311F-E94F-4D8A-B9D6-FA0465D700EF}"
EndProject
Project("{8BC9CEB8-8B4A-11D0-8D11-00A0C91BC942}") = "03_PlusString", "03_PlusString\03_PlusString.vcxproj", "{36D80C89-16ED-4F73-BD04-94FA02C7DC6D}"
EndProject
Project("{8BC9CEB8-8B4A-11D0-8D11-00A0C91BC942}") = "TextRpg000", "TextRpg000\TextRpg000.vcxproj", "{6DB0EBBD-73DC-4986-8842-37E700DCE35B}"
EndProject
Project("{2150E333-8FDC-42A3-9474-1A3956D46DE8}") = "Game", "Game", "{F54674C0-479F-4715-BE38-9F50DE714B68}"
EndProject
Project("{2150E333-8FDC-42A3-9474-1A3956D46DE8}") = "GM_Task", "GM_Task", "{D1691EE6-9BC3-41DC-9777-94BD86004DDF}"
EndProject
Project("{8BC9CEB8-8B4A-11D0-8D11-00A0C91BC942}") = "TextRPG001Object", "TextRPG001Object\TextRPG001Object.vcxproj", "{A92EFBA6-58F4-4448-B09E-806B1ABB0D45}"
EndProject
Project("{8BC9CEB8-8B4A-11D0-8D11-00A0C91BC942}") = "TextRPG002Inheritance", "TextRPG002Inheritance\TextRPG002Inheritance.vcxproj", "{D4799ED8-062D-4C06-9F76-1DDCD8D77757}"
EndProject
Project("{2150E333-8FDC-42A3-9474-1A3956D46DE8}") = "Framework", "Framework", "{42382A92-F61F-4E88-A92E-96835242EAE5}"
EndProject
Project("{8BC9CEB8-8B4A-11D0-8D11-00A0C91BC942}") = "TextRPG003ClassFile", "TextRPG003ClassFile\TextRPG003ClassFile.vcxproj", "{ADAC5A93-943B-4584-B3F9-66AD5DC26F57}"
EndProject
Project("{8BC9CEB8-8B4A-11D0-8D11-00A0C91BC942}") = "TextRpgLast", "TextRpgLast\TextRpgLast.vcxproj", "{58A974E7-93F1-4486-88D3-4C0854C19308}"
EndProject
Project("{8BC9CEB8-8B4A-11D0-8D11-00A0C91BC942}") = "Task_leak", "Task_leak\Task_leak.vcxproj", "{1981EC52-AEA0-4187-8577-BD88D423A851}"
EndProject
Project("{8BC9CEB8-8B4A-11D0-8D11-00A0C91BC942}") = "ConsoleGame", "ConsoleGame\ConsoleGame.vcxproj", "{B7AEEB32-05A0-429E-B6B7-A80BADA02D63}"
EndProject
Project("{8BC9CEB8-8B4A-11D0-8D11-00A0C91BC942}") = "TetrisContents", "TetrisContents\TetrisContents.vcxproj", "{B1BE8BA5-D2F0-4850-81E0-06F8E96AC425}"
EndProject
Project("{8BC9CEB8-8B4A-11D0-8D11-00A0C91BC942}") = "App", "App\App.vcxproj", "{5DD09A05-4D18-41DC-800A-B7FF2817C921}"
EndProject
Project("{2150E333-8FDC-42A3-9474-1A3956D46DE8}") = "Tetris", "Tetris", "{31827958-9CF5-4032-8401-2A7186B88B55}"
EndProject
Project("{2150E333-8FDC-42A3-9474-1A3956D46DE8}") = "TextRpg", "TextRpg", "{B44B751F-CA4E-4762-94C2-B93CBA1A6160}"
EndProject
Project("{8BC9CEB8-8B4A-11D0-8D11-00A0C91BC942}") = "EngineBase", "EngineBase\EngineBase.vcxproj", "{47E3AAD8-CC6C-46C3-86C8-B7CA1A81DA66}"
EndProject
Project("{8BC9CEB8-8B4A-11D0-8D11-00A0C91BC942}") = "EngineCore", "EngineCore\EngineCore.vcxproj", "{F83BA35A-295F-4844-ADD0-06FDA7CBA5F0}"
EndProject
Project("{8BC9CEB8-8B4A-11D0-8D11-00A0C91BC942}") = "Vector", "Vector\Vector.vcxproj", "{01BC0E81-F834-4CCF-A895-5176B815419D}"
EndProject
Project("{8BC9CEB8-8B4A-11D0-8D11-00A0C91BC942}") = "List", "List\List.vcxproj", "{9E9A5117-C7E9-4742-9AC2-00C64449A986}"
EndProject
Global
	GlobalSection(SolutionConfigurationPlatforms) = preSolution
		Debug|x64 = Debug|x64
		Debug|x86 = Debug|x86
		Release|x64 = Release|x64
		Release|x86 = Release|x86
	EndGlobalSection
	GlobalSection(ProjectConfigurationPlatforms) = postSolution
		{09A2A437-CDB0-40E6-BD3A-596E43E1CF32}.Debug|x64.ActiveCfg = Debug|x64
		{09A2A437-CDB0-40E6-BD3A-596E43E1CF32}.Debug|x64.Build.0 = Debug|x64
		{09A2A437-CDB0-40E6-BD3A-596E43E1CF32}.Debug|x86.ActiveCfg = Debug|Win32
		{09A2A437-CDB0-40E6-BD3A-596E43E1CF32}.Debug|x86.Build.0 = Debug|Win32
		{09A2A437-CDB0-40E6-BD3A-596E43E1CF32}.Release|x64.ActiveCfg = Release|x64
		{09A2A437-CDB0-40E6-BD3A-596E43E1CF32}.Release|x64.Build.0 = Release|x64
		{09A2A437-CDB0-40E6-BD3A-596E43E1CF32}.Release|x86.ActiveCfg = Release|Win32
		{09A2A437-CDB0-40E6-BD3A-596E43E1CF32}.Release|x86.Build.0 = Release|Win32
		{51AA7A27-E301-4C9F-9758-3D4D5080A134}.Debug|x64.ActiveCfg = Debug|x64
		{51AA7A27-E301-4C9F-9758-3D4D5080A134}.Debug|x64.Build.0 = Debug|x64
		{51AA7A27-E301-4C9F-9758-3D4D5080A134}.Debug|x86.ActiveCfg = Debug|Win32
		{51AA7A27-E301-4C9F-9758-3D4D5080A134}.Debug|x86.Build.0 = Debug|Win32
		{51AA7A27-E301-4C9F-9758-3D4D5080A134}.Release|x64.ActiveCfg = Release|x64
		{51AA7A27-E301-4C9F-9758-3D4D5080A134}.Release|x64.Build.0 = Release|x64
		{51AA7A27-E301-4C9F-9758-3D4D5080A134}.Release|x86.ActiveCfg = Release|Win32
		{51AA7A27-E301-4C9F-9758-3D4D5080A134}.Release|x86.Build.0 = Release|Win32
		{0073311F-E94F-4D8A-B9D6-FA0465D700EF}.Debug|x64.ActiveCfg = Debug|x64
		{0073311F-E94F-4D8A-B9D6-FA0465D700EF}.Debug|x64.Build.0 = Debug|x64
		{0073311F-E94F-4D8A-B9D6-FA0465D700EF}.Debug|x86.ActiveCfg = Debug|Win32
		{0073311F-E94F-4D8A-B9D6-FA0465D700EF}.Debug|x86.Build.0 = Debug|Win32
		{0073311F-E94F-4D8A-B9D6-FA0465D700EF}.Release|x64.ActiveCfg = Release|x64
		{0073311F-E94F-4D8A-B9D6-FA0465D700EF}.Release|x64.Build.0 = Release|x64
		{0073311F-E94F-4D8A-B9D6-FA0465D700EF}.Release|x86.ActiveCfg = Release|Win32
		{0073311F-E94F-4D8A-B9D6-FA0465D700EF}.Release|x86.Build.0 = Release|Win32
		{36D80C89-16ED-4F73-BD04-94FA02C7DC6D}.Debug|x64.ActiveCfg = Debug|x64
		{36D80C89-16ED-4F73-BD04-94FA02C7DC6D}.Debug|x64.Build.0 = Debug|x64
		{36D80C89-16ED-4F73-BD04-94FA02C7DC6D}.Debug|x86.ActiveCfg = Debug|Win32
		{36D80C89-16ED-4F73-BD04-94FA02C7DC6D}.Debug|x86.Build.0 = Debug|Win32
		{36D80C89-16ED-4F73-BD04-94FA02C7DC6D}.Release|x64.ActiveCfg = Release|x64
		{36D80C89-16ED-4F73-BD04-94FA02C7DC6D}.Release|x64.Build.0 = Release|x64
		{36D80C89-16ED-4F73-BD04-94FA02C7DC6D}.Release|x86.ActiveCfg = Release|Win32
		{36D80C89-16ED-4F73-BD04-94FA02C7DC6D}.Release|x86.Build.0 = Release|Win32
		{6DB0EBBD-73DC-4986-8842-37E700DCE35B}.Debug|x64.ActiveCfg = Debug|x64
		{6DB0EBBD-73DC-4986-8842-37E700DCE35B}.Debug|x64.Build.0 = Debug|x64
		{6DB0EBBD-73DC-4986-8842-37E700DCE35B}.Debug|x86.ActiveCfg = Debug|Win32
		{6DB0EBBD-73DC-4986-8842-37E700DCE35B}.Debug|x86.Build.0 = Debug|Win32
		{6DB0EBBD-73DC-4986-8842-37E700DCE35B}.Release|x64.ActiveCfg = Release|x64
		{6DB0EBBD-73DC-4986-8842-37E700DCE35B}.Release|x64.Build.0 = Release|x64
		{6DB0EBBD-73DC-4986-8842-37E700DCE35B}.Release|x86.ActiveCfg = Release|Win32
		{6DB0EBBD-73DC-4986-8842-37E700DCE35B}.Release|x86.Build.0 = Release|Win32
		{A92EFBA6-58F4-4448-B09E-806B1ABB0D45}.Debug|x64.ActiveCfg = Debug|x64
		{A92EFBA6-58F4-4448-B09E-806B1ABB0D45}.Debug|x64.Build.0 = Debug|x64
		{A92EFBA6-58F4-4448-B09E-806B1ABB0D45}.Debug|x86.ActiveCfg = Debug|Win32
		{A92EFBA6-58F4-4448-B09E-806B1ABB0D45}.Debug|x86.Build.0 = Debug|Win32
		{A92EFBA6-58F4-4448-B09E-806B1ABB0D45}.Release|x64.ActiveCfg = Release|x64
		{A92EFBA6-58F4-4448-B09E-806B1ABB0D45}.Release|x64.Build.0 = Release|x64
		{A92EFBA6-58F4-4448-B09E-806B1ABB0D45}.Release|x86.ActiveCfg = Release|Win32
		{A92EFBA6-58F4-4448-B09E-806B1ABB0D45}.Release|x86.Build.0 = Release|Win32
		{D4799ED8-062D-4C06-9F76-1DDCD8D77757}.Debug|x64.ActiveCfg = Debug|x64
		{D4799ED8-062D-4C06-9F76-1DDCD8D77757}.Debug|x64.Build.0 = Debug|x64
		{D4799ED8-062D-4C06-9F76-1DDCD8D77757}.Debug|x86.ActiveCfg = Debug|Win32
		{D4799ED8-062D-4C06-9F76-1DDCD8D77757}.Debug|x86.Build.0 = Debug|Win32
		{D4799ED8-062D-4C06-9F76-1DDCD8D77757}.Release|x64.ActiveCfg = Release|x64
		{D4799ED8-062D-4C06-9F76-1DDCD8D77757}.Release|x64.Build.0 = Release|x64
		{D4799ED8-062D-4C06-9F76-1DDCD8D77757}.Release|x86.ActiveCfg = Release|Win32
		{D4799ED8-062D-4C06-9F76-1DDCD8D77757}.Release|x86.Build.0 = Release|Win32
		{ADAC5A93-943B-4584-B3F9-66AD5DC26F57}.Debug|x64.ActiveCfg = Debug|x64
		{ADAC5A93-943B-4584-B3F9-66AD5DC26F57}.Debug|x64.Build.0 = Debug|x64
		{ADAC5A93-943B-4584-B3F9-66AD5DC26F57}.Debug|x86.ActiveCfg = Debug|Win32
		{ADAC5A93-943B-4584-B3F9-66AD5DC26F57}.Debug|x86.Build.0 = Debug|Win32
		{ADAC5A93-943B-4584-B3F9-66AD5DC26F57}.Release|x64.ActiveCfg = Release|x64
		{ADAC5A93-943B-4584-B3F9-66AD5DC26F57}.Release|x64.Build.0 = Release|x64
		{ADAC5A93-943B-4584-B3F9-66AD5DC26F57}.Release|x86.ActiveCfg = Release|Win32
		{ADAC5A93-943B-4584-B3F9-66AD5DC26F57}.Release|x86.Build.0 = Release|Win32
		{58A974E7-93F1-4486-88D3-4C0854C19308}.Debug|x64.ActiveCfg = Debug|x64
		{58A974E7-93F1-4486-88D3-4C0854C19308}.Debug|x64.Build.0 = Debug|x64
		{58A974E7-93F1-4486-88D3-4C0854C19308}.Debug|x86.ActiveCfg = Debug|Win32
		{58A974E7-93F1-4486-88D3-4C0854C19308}.Debug|x86.Build.0 = Debug|Win32
		{58A974E7-93F1-4486-88D3-4C0854C19308}.Release|x64.ActiveCfg = Release|x64
		{58A974E7-93F1-4486-88D3-4C0854C19308}.Release|x64.Build.0 = Release|x64
		{58A974E7-93F1-4486-88D3-4C0854C19308}.Release|x86.ActiveCfg = Release|Win32
		{58A974E7-93F1-4486-88D3-4C0854C19308}.Release|x86.Build.0 = Release|Win32
		{1981EC52-AEA0-4187-8577-BD88D423A851}.Debug|x64.ActiveCfg = Debug|x64
		{1981EC52-AEA0-4187-8577-BD88D423A851}.Debug|x64.Build.0 = Debug|x64
		{1981EC52-AEA0-4187-8577-BD88D423A851}.Debug|x86.ActiveCfg = Debug|Win32
		{1981EC52-AEA0-4187-8577-BD88D423A851}.Debug|x86.Build.0 = Debug|Win32
		{1981EC52-AEA0-4187-8577-BD88D423A851}.Release|x64.ActiveCfg = Release|x64
		{1981EC52-AEA0-4187-8577-BD88D423A851}.Release|x64.Build.0 = Release|x64
		{1981EC52-AEA0-4187-8577-BD88D423A851}.Release|x86.ActiveCfg = Release|Win32
		{1981EC52-AEA0-4187-8577-BD88D423A851}.Release|x86.Build.0 = Release|Win32
		{B7AEEB32-05A0-429E-B6B7-A80BADA02D63}.Debug|x64.ActiveCfg = Debug|x64
		{B7AEEB32-05A0-429E-B6B7-A80BADA02D63}.Debug|x64.Build.0 = Debug|x64
		{B7AEEB32-05A0-429E-B6B7-A80BADA02D63}.Debug|x86.ActiveCfg = Debug|Win32
		{B7AEEB32-05A0-429E-B6B7-A80BADA02D63}.Debug|x86.Build.0 = Debug|Win32
		{B7AEEB32-05A0-429E-B6B7-A80BADA02D63}.Release|x64.ActiveCfg = Release|x64
		{B7AEEB32-05A0-429E-B6B7-A80BADA02D63}.Release|x64.Build.0 = Release|x64
		{B7AEEB32-05A0-429E-B6B7-A80BADA02D63}.Release|x86.ActiveCfg = Release|Win32
		{B7AEEB32-05A0-429E-B6B7-A80BADA02D63}.Release|x86.Build.0 = Release|Win32
		{B1BE8BA5-D2F0-4850-81E0-06F8E96AC425}.Debug|x64.ActiveCfg = Debug|x64
		{B1BE8BA5-D2F0-4850-81E0-06F8E96AC425}.Debug|x64.Build.0 = Debug|x64
		{B1BE8BA5-D2F0-4850-81E0-06F8E96AC425}.Debug|x86.ActiveCfg = Debug|Win32
		{B1BE8BA5-D2F0-4850-81E0-06F8E96AC425}.Debug|x86.Build.0 = Debug|Win32
		{B1BE8BA5-D2F0-4850-81E0-06F8E96AC425}.Release|x64.ActiveCfg = Release|x64
		{B1BE8BA5-D2F0-4850-81E0-06F8E96AC425}.Release|x64.Build.0 = Release|x64
		{B1BE8BA5-D2F0-4850-81E0-06F8E96AC425}.Release|x86.ActiveCfg = Release|Win32
		{B1BE8BA5-D2F0-4850-81E0-06F8E96AC425}.Release|x86.Build.0 = Release|Win32
		{5DD09A05-4D18-41DC-800A-B7FF2817C921}.Debug|x64.ActiveCfg = Debug|x64
		{5DD09A05-4D18-41DC-800A-B7FF2817C921}.Debug|x64.Build.0 = Debug|x64
		{5DD09A05-4D18-41DC-800A-B7FF2817C921}.Debug|x86.ActiveCfg = Debug|Win32
		{5DD09A05-4D18-41DC-800A-B7FF2817C921}.Debug|x86.Build.0 = Debug|Win32
		{5DD09A05-4D18-41DC-800A-B7FF2817C921}.Release|x64.ActiveCfg = Release|x64
		{5DD09A05-4D18-41DC-800A-B7FF2817C921}.Release|x64.Build.0 = Release|x64
		{5DD09A05-4D18-41DC-800A-B7FF2817C921}.Release|x86.ActiveCfg = Release|Win32
		{5DD09A05-4D18-41DC-800A-B7FF2817C921}.Release|x86.Build.0 = Release|Win32
		{47E3AAD8-CC6C-46C3-86C8-B7CA1A81DA66}.Debug|x64.ActiveCfg = Debug|x64
		{47E3AAD8-CC6C-46C3-86C8-B7CA1A81DA66}.Debug|x64.Build.0 = Debug|x64
		{47E3AAD8-CC6C-46C3-86C8-B7CA1A81DA66}.Debug|x86.ActiveCfg = Debug|Win32
		{47E3AAD8-CC6C-46C3-86C8-B7CA1A81DA66}.Debug|x86.Build.0 = Debug|Win32
		{47E3AAD8-CC6C-46C3-86C8-B7CA1A81DA66}.Release|x64.ActiveCfg = Release|x64
		{47E3AAD8-CC6C-46C3-86C8-B7CA1A81DA66}.Release|x64.Build.0 = Release|x64
		{47E3AAD8-CC6C-46C3-86C8-B7CA1A81DA66}.Release|x86.ActiveCfg = Release|Win32
		{47E3AAD8-CC6C-46C3-86C8-B7CA1A81DA66}.Release|x86.Build.0 = Release|Win32
		{F83BA35A-295F-4844-ADD0-06FDA7CBA5F0}.Debug|x64.ActiveCfg = Debug|x64
		{F83BA35A-295F-4844-ADD0-06FDA7CBA5F0}.Debug|x64.Build.0 = Debug|x64
		{F83BA35A-295F-4844-ADD0-06FDA7CBA5F0}.Debug|x86.ActiveCfg = Debug|Win32
		{F83BA35A-295F-4844-ADD0-06FDA7CBA5F0}.Debug|x86.Build.0 = Debug|Win32
		{F83BA35A-295F-4844-ADD0-06FDA7CBA5F0}.Release|x64.ActiveCfg = Release|x64
		{F83BA35A-295F-4844-ADD0-06FDA7CBA5F0}.Release|x64.Build.0 = Release|x64
		{F83BA35A-295F-4844-ADD0-06FDA7CBA5F0}.Release|x86.ActiveCfg = Release|Win32
		{F83BA35A-295F-4844-ADD0-06FDA7CBA5F0}.Release|x86.Build.0 = Release|Win32
		{01BC0E81-F834-4CCF-A895-5176B815419D}.Debug|x64.ActiveCfg = Debug|x64
		{01BC0E81-F834-4CCF-A895-5176B815419D}.Debug|x64.Build.0 = Debug|x64
		{01BC0E81-F834-4CCF-A895-5176B815419D}.Debug|x86.ActiveCfg = Debug|Win32
		{01BC0E81-F834-4CCF-A895-5176B815419D}.Debug|x86.Build.0 = Debug|Win32
		{01BC0E81-F834-4CCF-A895-5176B815419D}.Release|x64.ActiveCfg = Release|x64
		{01BC0E81-F834-4CCF-A895-5176B815419D}.Release|x64.Build.0 = Release|x64
		{01BC0E81-F834-4CCF-A895-5176B815419D}.Release|x86.ActiveCfg = Release|Win32
		{01BC0E81-F834-4CCF-A895-5176B815419D}.Release|x86.Build.0 = Release|Win32
		{9E9A5117-C7E9-4742-9AC2-00C64449A986}.Debug|x64.ActiveCfg = Debug|x64
		{9E9A5117-C7E9-4742-9AC2-00C64449A986}.Debug|x64.Build.0 = Debug|x64
		{9E9A5117-C7E9-4742-9AC2-00C64449A986}.Debug|x86.ActiveCfg = Debug|Win32
		{9E9A5117-C7E9-4742-9AC2-00C64449A986}.Debug|x86.Build.0 = Debug|Win32
		{9E9A5117-C7E9-4742-9AC2-00C64449A986}.Release|x64.ActiveCfg = Release|x64
		{9E9A5117-C7E9-4742-9AC2-00C64449A986}.Release|x64.Build.0 = Release|x64
		{9E9A5117-C7E9-4742-9AC2-00C64449A986}.Release|x86.ActiveCfg = Release|Win32
		{9E9A5117-C7E9-4742-9AC2-00C64449A986}.Release|x86.Build.0 = Release|Win32
	EndGlobalSection
	GlobalSection(SolutionProperties) = preSolution
		HideSolutionNode = FALSE
	EndGlobalSection
	GlobalSection(NestedProjects) = preSolution
		{09A2A437-CDB0-40E6-BD3A-596E43E1CF32} = {D1691EE6-9BC3-41DC-9777-94BD86004DDF}
		{51AA7A27-E301-4C9F-9758-3D4D5080A134} = {D1691EE6-9BC3-41DC-9777-94BD86004DDF}
		{0073311F-E94F-4D8A-B9D6-FA0465D700EF} = {D1691EE6-9BC3-41DC-9777-94BD86004DDF}
		{36D80C89-16ED-4F73-BD04-94FA02C7DC6D} = {D1691EE6-9BC3-41DC-9777-94BD86004DDF}
		{6DB0EBBD-73DC-4986-8842-37E700DCE35B} = {B44B751F-CA4E-4762-94C2-B93CBA1A6160}
		{A92EFBA6-58F4-4448-B09E-806B1ABB0D45} = {B44B751F-CA4E-4762-94C2-B93CBA1A6160}
		{D4799ED8-062D-4C06-9F76-1DDCD8D77757} = {B44B751F-CA4E-4762-94C2-B93CBA1A6160}
		{ADAC5A93-943B-4584-B3F9-66AD5DC26F57} = {B44B751F-CA4E-4762-94C2-B93CBA1A6160}
		{58A974E7-93F1-4486-88D3-4C0854C19308} = {B44B751F-CA4E-4762-94C2-B93CBA1A6160}
		{1981EC52-AEA0-4187-8577-BD88D423A851} = {D1691EE6-9BC3-41DC-9777-94BD86004DDF}
		{B7AEEB32-05A0-429E-B6B7-A80BADA02D63} = {F54674C0-479F-4715-BE38-9F50DE714B68}
		{B1BE8BA5-D2F0-4850-81E0-06F8E96AC425} = {31827958-9CF5-4032-8401-2A7186B88B55}
		{5DD09A05-4D18-41DC-800A-B7FF2817C921} = {31827958-9CF5-4032-8401-2A7186B88B55}
		{31827958-9CF5-4032-8401-2A7186B88B55} = {F54674C0-479F-4715-BE38-9F50DE714B68}
		{B44B751F-CA4E-4762-94C2-B93CBA1A6160} = {F54674C0-479F-4715-BE38-9F50DE714B68}
		{47E3AAD8-CC6C-46C3-86C8-B7CA1A81DA66} = {42382A92-F61F-4E88-A92E-96835242EAE5}
		{F83BA35A-295F-4844-ADD0-06FDA7CBA5F0} = {42382A92-F61F-4E88-A92E-96835242EAE5}
	EndGlobalSection
	GlobalSection(ExtensibilityGlobals) = postSolution
		SolutionGuid = {2728BA8F-B9F2-4FA3-85D2-033D2EB52C4B}
	EndGlobalSection
EndGlobal
