
Microsoft Visual Studio Solution File, Format Version 12.00
# Visual Studio Version 17
VisualStudioVersion = 17.11.35222.181
MinimumVisualStudioVersion = 10.0.40219.1
Project("{8BC9CEB8-8B4A-11D0-8D11-00A0C91BC942}") = "Task", "Task\Task.vcxproj", "{09A2A437-CDB0-40E6-BD3A-596E43E1CF32}"
EndProject
Project("{8BC9CEB8-8B4A-11D0-8D11-00A0C91BC942}") = "Task01", "Task01\Task01.vcxproj", "{51AA7A27-E301-4C9F-9758-3D4D5080A134}"
EndProject
Project("{8BC9CEB8-8B4A-11D0-8D11-00A0C91BC942}") = "02_MyPrintf", "02_MyPrintf\02_MyPrintf.vcxproj", "{0073311F-E94F-4D8A-B9D6-FA0465D700EF}"
EndProject
Project("{8BC9CEB8-8B4A-11D0-8D11-00A0C91BC942}") = "03_PlusString", "03_PlusString\03_PlusString.vcxproj", "{36D80C89-16ED-4F73-BD04-94FA02C7DC6D}"
EndProject
Project("{8BC9CEB8-8B4A-11D0-8D11-00A0C91BC942}") = "TextRpg000", "TextRpg000\TextRpg000.vcxproj", "{6DB0EBBD-73DC-4986-8842-37E700DCE35B}"
EndProject
Project("{2150E333-8FDC-42A3-9474-1A3956D46DE8}") = "Game", "Game", "{F54674C0-479F-4715-BE38-9F50DE714B68}"
EndProject
Project("{2150E333-8FDC-42A3-9474-1A3956D46DE8}") = "GM_Task", "GM_Task", "{D1691EE6-9BC3-41DC-9777-94BD86004DDF}"
EndProject
Project("{8BC9CEB8-8B4A-11D0-8D11-00A0C91BC942}") = "TextRPG001Object", "TextRPG001Object\TextRPG001Object.vcxproj", "{A92EFBA6-58F4-4448-B09E-806B1ABB0D45}"
EndProject
Project("{8BC9CEB8-8B4A-11D0-8D11-00A0C91BC942}") = "TextRPG002Inheritance", "TextRPG002Inheritance\TextRPG002Inheritance.vcxproj", "{D4799ED8-062D-4C06-9F76-1DDCD8D77757}"
EndProject
Project("{2150E333-8FDC-42A3-9474-1A3956D46DE8}") = "Framework", "Framework", "{42382A92-F61F-4E88-A92E-96835242EAE5}"
EndProject
Project("{8BC9CEB8-8B4A-11D0-8D11-00A0C91BC942}") = "BaseSystem", "BaseSystem\BaseSystem.vcxproj", "{69699FFA-4740-4F60-A6D0-4BF9767055C8}"
EndProject
Project("{8BC9CEB8-8B4A-11D0-8D11-00A0C91BC942}") = "TextRPG003ClassFile", "TextRPG003ClassFile\TextRPG003ClassFile.vcxproj", "{ADAC5A93-943B-4584-B3F9-66AD5DC26F57}"
EndProject
Project("{8BC9CEB8-8B4A-11D0-8D11-00A0C91BC942}") = "TextRpgLast", "TextRpgLast\TextRpgLast.vcxproj", "{58A974E7-93F1-4486-88D3-4C0854C19308}"
EndProject
Global
	GlobalSection(SolutionConfigurationPlatforms) = preSolution
		Debug|x64 = Debug|x64
		Debug|x86 = Debug|x86
		Release|x64 = Release|x64
		Release|x86 = Release|x86
	EndGlobalSection
	GlobalSection(ProjectConfigurationPlatforms) = postSolution
		{09A2A437-CDB0-40E6-BD3A-596E43E1CF32}.Debug|x64.ActiveCfg = Debug|x64
		{09A2A437-CDB0-40E6-BD3A-596E43E1CF32}.Debug|x64.Build.0 = Debug|x64
		{09A2A437-CDB0-40E6-BD3A-596E43E1CF32}.Debug|x86.ActiveCfg = Debug|Win32
		{09A2A437-CDB0-40E6-BD3A-596E43E1CF32}.Debug|x86.Build.0 = Debug|Win32
		{09A2A437-CDB0-40E6-BD3A-596E43E1CF32}.Release|x64.ActiveCfg = Release|x64
		{09A2A437-CDB0-40E6-BD3A-596E43E1CF32}.Release|x64.Build.0 = Release|x64
		{09A2A437-CDB0-40E6-BD3A-596E43E1CF32}.Release|x86.ActiveCfg = Release|Win32
		{09A2A437-CDB0-40E6-BD3A-596E43E1CF32}.Release|x86.Build.0 = Release|Win32
		{51AA7A27-E301-4C9F-9758-3D4D5080A134}.Debug|x64.ActiveCfg = Debug|x64
		{51AA7A27-E301-4C9F-9758-3D4D5080A134}.Debug|x64.Build.0 = Debug|x64
		{51AA7A27-E301-4C9F-9758-3D4D5080A134}.Debug|x86.ActiveCfg = Debug|Win32
		{51AA7A27-E301-4C9F-9758-3D4D5080A134}.Debug|x86.Build.0 = Debug|Win32
		{51AA7A27-E301-4C9F-9758-3D4D5080A134}.Release|x64.ActiveCfg = Release|x64
		{51AA7A27-E301-4C9F-9758-3D4D5080A134}.Release|x64.Build.0 = Release|x64
		{51AA7A27-E301-4C9F-9758-3D4D5080A134}.Release|x86.ActiveCfg = Release|Win32
		{51AA7A27-E301-4C9F-9758-3D4D5080A134}.Release|x86.Build.0 = Release|Win32
		{0073311F-E94F-4D8A-B9D6-FA0465D700EF}.Debug|x64.ActiveCfg = Debug|x64
		{0073311F-E94F-4D8A-B9D6-FA0465D700EF}.Debug|x64.Build.0 = Debug|x64
		{0073311F-E94F-4D8A-B9D6-FA0465D700EF}.Debug|x86.ActiveCfg = Debug|Win32
		{0073311F-E94F-4D8A-B9D6-FA0465D700EF}.Debug|x86.Build.0 = Debug|Win32
		{0073311F-E94F-4D8A-B9D6-FA0465D700EF}.Release|x64.ActiveCfg = Release|x64
		{0073311F-E94F-4D8A-B9D6-FA0465D700EF}.Release|x64.Build.0 = Release|x64
		{0073311F-E94F-4D8A-B9D6-FA0465D700EF}.Release|x86.ActiveCfg = Release|Win32
		{0073311F-E94F-4D8A-B9D6-FA0465D700EF}.Release|x86.Build.0 = Release|Win32
		{36D80C89-16ED-4F73-BD04-94FA02C7DC6D}.Debug|x64.ActiveCfg = Debug|x64
		{36D80C89-16ED-4F73-BD04-94FA02C7DC6D}.Debug|x64.Build.0 = Debug|x64
		{36D80C89-16ED-4F73-BD04-94FA02C7DC6D}.Debug|x86.ActiveCfg = Debug|Win32
		{36D80C89-16ED-4F73-BD04-94FA02C7DC6D}.Debug|x86.Build.0 = Debug|Win32
		{36D80C89-16ED-4F73-BD04-94FA02C7DC6D}.Release|x64.ActiveCfg = Release|x64
		{36D80C89-16ED-4F73-BD04-94FA02C7DC6D}.Release|x64.Build.0 = Release|x64
		{36D80C89-16ED-4F73-BD04-94FA02C7DC6D}.Release|x86.ActiveCfg = Release|Win32
		{36D80C89-16ED-4F73-BD04-94FA02C7DC6D}.Release|x86.Build.0 = Release|Win32
		{6DB0EBBD-73DC-4986-8842-37E700DCE35B}.Debug|x64.ActiveCfg = Debug|x64
		{6DB0EBBD-73DC-4986-8842-37E700DCE35B}.Debug|x64.Build.0 = Debug|x64
		{6DB0EBBD-73DC-4986-8842-37E700DCE35B}.Debug|x86.ActiveCfg = Debug|Win32
		{6DB0EBBD-73DC-4986-8842-37E700DCE35B}.Debug|x86.Build.0 = Debug|Win32
		{6DB0EBBD-73DC-4986-8842-37E700DCE35B}.Release|x64.ActiveCfg = Release|x64
		{6DB0EBBD-73DC-4986-8842-37E700DCE35B}.Release|x64.Build.0 = Release|x64
		{6DB0EBBD-73DC-4986-8842-37E700DCE35B}.Release|x86.ActiveCfg = Release|Win32
		{6DB0EBBD-73DC-4986-8842-37E700DCE35B}.Release|x86.Build.0 = Release|Win32
		{A92EFBA6-58F4-4448-B09E-806B1ABB0D45}.Debug|x64.ActiveCfg = Debug|x64
		{A92EFBA6-58F4-4448-B09E-806B1ABB0D45}.Debug|x64.Build.0 = Debug|x64
		{A92EFBA6-58F4-4448-B09E-806B1ABB0D45}.Debug|x86.ActiveCfg = Debug|Win32
		{A92EFBA6-58F4-4448-B09E-806B1ABB0D45}.Debug|x86.Build.0 = Debug|Win32
		{A92EFBA6-58F4-4448-B09E-806B1ABB0D45}.Release|x64.ActiveCfg = Release|x64
		{A92EFBA6-58F4-4448-B09E-806B1ABB0D45}.Release|x64.Build.0 = Release|x64
		{A92EFBA6-58F4-4448-B09E-806B1ABB0D45}.Release|x86.ActiveCfg = Release|Win32
		{A92EFBA6-58F4-4448-B09E-806B1ABB0D45}.Release|x86.Build.0 = Release|Win32
		{D4799ED8-062D-4C06-9F76-1DDCD8D77757}.Debug|x64.ActiveCfg = Debug|x64
		{D4799ED8-062D-4C06-9F76-1DDCD8D77757}.Debug|x64.Build.0 = Debug|x64
		{D4799ED8-062D-4C06-9F76-1DDCD8D77757}.Debug|x86.ActiveCfg = Debug|Win32
		{D4799ED8-062D-4C06-9F76-1DDCD8D77757}.Debug|x86.Build.0 = Debug|Win32
		{D4799ED8-062D-4C06-9F76-1DDCD8D77757}.Release|x64.ActiveCfg = Release|x64
		{D4799ED8-062D-4C06-9F76-1DDCD8D77757}.Release|x64.Build.0 = Release|x64
		{D4799ED8-062D-4C06-9F76-1DDCD8D77757}.Release|x86.ActiveCfg = Release|Win32
		{D4799ED8-062D-4C06-9F76-1DDCD8D77757}.Release|x86.Build.0 = Release|Win32
		{69699FFA-4740-4F60-A6D0-4BF9767055C8}.Debug|x64.ActiveCfg = Debug|x64
		{69699FFA-4740-4F60-A6D0-4BF9767055C8}.Debug|x64.Build.0 = Debug|x64
		{69699FFA-4740-4F60-A6D0-4BF9767055C8}.Debug|x86.ActiveCfg = Debug|Win32
		{69699FFA-4740-4F60-A6D0-4BF9767055C8}.Debug|x86.Build.0 = Debug|Win32
		{69699FFA-4740-4F60-A6D0-4BF9767055C8}.Release|x64.ActiveCfg = Release|x64
		{69699FFA-4740-4F60-A6D0-4BF9767055C8}.Release|x64.Build.0 = Release|x64
		{69699FFA-4740-4F60-A6D0-4BF9767055C8}.Release|x86.ActiveCfg = Release|Win32
		{69699FFA-4740-4F60-A6D0-4BF9767055C8}.Release|x86.Build.0 = Release|Win32
		{ADAC5A93-943B-4584-B3F9-66AD5DC26F57}.Debug|x64.ActiveCfg = Debug|x64
		{ADAC5A93-943B-4584-B3F9-66AD5DC26F57}.Debug|x64.Build.0 = Debug|x64
		{ADAC5A93-943B-4584-B3F9-66AD5DC26F57}.Debug|x86.ActiveCfg = Debug|Win32
		{ADAC5A93-943B-4584-B3F9-66AD5DC26F57}.Debug|x86.Build.0 = Debug|Win32
		{ADAC5A93-943B-4584-B3F9-66AD5DC26F57}.Release|x64.ActiveCfg = Release|x64
		{ADAC5A93-943B-4584-B3F9-66AD5DC26F57}.Release|x64.Build.0 = Release|x64
		{ADAC5A93-943B-4584-B3F9-66AD5DC26F57}.Release|x86.ActiveCfg = Release|Win32
		{ADAC5A93-943B-4584-B3F9-66AD5DC26F57}.Release|x86.Build.0 = Release|Win32
		{58A974E7-93F1-4486-88D3-4C0854C19308}.Debug|x64.ActiveCfg = Debug|x64
		{58A974E7-93F1-4486-88D3-4C0854C19308}.Debug|x64.Build.0 = Debug|x64
		{58A974E7-93F1-4486-88D3-4C0854C19308}.Debug|x86.ActiveCfg = Debug|Win32
		{58A974E7-93F1-4486-88D3-4C0854C19308}.Debug|x86.Build.0 = Debug|Win32
		{58A974E7-93F1-4486-88D3-4C0854C19308}.Release|x64.ActiveCfg = Release|x64
		{58A974E7-93F1-4486-88D3-4C0854C19308}.Release|x64.Build.0 = Release|x64
		{58A974E7-93F1-4486-88D3-4C0854C19308}.Release|x86.ActiveCfg = Release|Win32
		{58A974E7-93F1-4486-88D3-4C0854C19308}.Release|x86.Build.0 = Release|Win32
	EndGlobalSection
	GlobalSection(SolutionProperties) = preSolution
		HideSolutionNode = FALSE
	EndGlobalSection
	GlobalSection(NestedProjects) = preSolution
		{09A2A437-CDB0-40E6-BD3A-596E43E1CF32} = {D1691EE6-9BC3-41DC-9777-94BD86004DDF}
		{51AA7A27-E301-4C9F-9758-3D4D5080A134} = {D1691EE6-9BC3-41DC-9777-94BD86004DDF}
		{0073311F-E94F-4D8A-B9D6-FA0465D700EF} = {D1691EE6-9BC3-41DC-9777-94BD86004DDF}
		{36D80C89-16ED-4F73-BD04-94FA02C7DC6D} = {D1691EE6-9BC3-41DC-9777-94BD86004DDF}
		{6DB0EBBD-73DC-4986-8842-37E700DCE35B} = {F54674C0-479F-4715-BE38-9F50DE714B68}
		{A92EFBA6-58F4-4448-B09E-806B1ABB0D45} = {F54674C0-479F-4715-BE38-9F50DE714B68}
		{D4799ED8-062D-4C06-9F76-1DDCD8D77757} = {F54674C0-479F-4715-BE38-9F50DE714B68}
		{69699FFA-4740-4F60-A6D0-4BF9767055C8} = {42382A92-F61F-4E88-A92E-96835242EAE5}
		{ADAC5A93-943B-4584-B3F9-66AD5DC26F57} = {F54674C0-479F-4715-BE38-9F50DE714B68}
	EndGlobalSection
	GlobalSection(ExtensibilityGlobals) = postSolution
		SolutionGuid = {2728BA8F-B9F2-4FA3-85D2-033D2EB52C4B}
	EndGlobalSection
EndGlobal
