<?xml version="1.0" encoding="utf-8"?>
<Project ToolsVersion="4.0" xmlns="http://schemas.microsoft.com/developer/msbuild/2003">
  <ItemGroup>
    <ClInclude Include="EngineDebug.h">
      <Filter>Debug</Filter>
    </ClInclude>
    <ClInclude Include="EngineFile.h">
      <Filter>IO</Filter>
    </ClInclude>
  </ItemGroup>
  <ItemGroup>
    <ClCompile Include="EngineDebug.cpp">
      <Filter>Debug</Filter>
    </ClCompile>
    <ClCompile Include="EngineFile.cpp">
      <Filter>IO</Filter>
    </ClCompile>
  </ItemGroup>
  <ItemGroup>
    <Filter Include="Debug">
      <UniqueIdentifier>{9da629c0-03b2-4895-a418-ca235212889d}</UniqueIdentifier>
    </Filter>
    <Filter Include="IO">
      <UniqueIdentifier>{9be08da4-9661-4209-a957-0dbfcc927965}</UniqueIdentifier>
    </Filter>
  </ItemGroup>
</Project>